
Microsoft Visual Studio Solution File, Format Version 12.00
# Visual Studio 2012
Project("{FAE04EC0-301F-11D3-BF4B-00C04F79EFBC}") = "MigrationVSIX", "MigrationVSIX\MigrationVSIX.csproj", "{A933C289-3DBA-469E-AC59-6B0ECED8A879}"
EndProject
Project("{FAE04EC0-301F-11D3-BF4B-00C04F79EFBC}") = "MigrationItemTemplate", "MigrationItemTemplate\MigrationItemTemplate.csproj", "{7B6D9A7C-2FEE-4A50-8C9A-B176F30A551F}"
EndProject
Project("{FAE04EC0-301F-11D3-BF4B-00C04F79EFBC}") = "MigrationItemTemplateWizard", "MigrationItemTemplateWizard\MigrationItemTemplateWizard.csproj", "{2C54FBF5-A940-4A9D-A57F-5592505D733A}"
EndProject
Global
	GlobalSection(SolutionConfigurationPlatforms) = preSolution
		Debug|Any CPU = Debug|Any CPU
		Release|Any CPU = Release|Any CPU
	EndGlobalSection
	GlobalSection(ProjectConfigurationPlatforms) = postSolution
		{2C54FBF5-A940-4A9D-A57F-5592505D733A}.Debug|Any CPU.ActiveCfg = Debug|Any CPU
		{2C54FBF5-A940-4A9D-A57F-5592505D733A}.Debug|Any CPU.Build.0 = Debug|Any CPU
		{2C54FBF5-A940-4A9D-A57F-5592505D733A}.Release|Any CPU.ActiveCfg = Release|Any CPU
		{2C54FBF5-A940-4A9D-A57F-5592505D733A}.Release|Any CPU.Build.0 = Release|Any CPU
		{7B6D9A7C-2FEE-4A50-8C9A-B176F30A551F}.Debug|Any CPU.ActiveCfg = Debug|Any CPU
		{7B6D9A7C-2FEE-4A50-8C9A-B176F30A551F}.Debug|Any CPU.Build.0 = Debug|Any CPU
		{7B6D9A7C-2FEE-4A50-8C9A-B176F30A551F}.Release|Any CPU.ActiveCfg = Release|Any CPU
		{7B6D9A7C-2FEE-4A50-8C9A-B176F30A551F}.Release|Any CPU.Build.0 = Release|Any CPU
		{A933C289-3DBA-469E-AC59-6B0ECED8A879}.Debug|Any CPU.ActiveCfg = Debug|Any CPU
		{A933C289-3DBA-469E-AC59-6B0ECED8A879}.Debug|Any CPU.Build.0 = Debug|Any CPU
		{A933C289-3DBA-469E-AC59-6B0ECED8A879}.Release|Any CPU.ActiveCfg = Release|Any CPU
		{A933C289-3DBA-469E-AC59-6B0ECED8A879}.Release|Any CPU.Build.0 = Release|Any CPU
	EndGlobalSection
	GlobalSection(SolutionProperties) = preSolution
		HideSolutionNode = FALSE
	EndGlobalSection
EndGlobal
